// !$*UTF8*$!
{
	archiveVersion = 1;
	classes = {
	};
	objectVersion = 56;
	objects = {

/* Begin PBXBuildFile section */
		3AA1E73B2ABEF0DB00CD213C /* AppDelegate.swift in Sources */ = {isa = PBXBuildFile; fileRef = 3AA1E73A2ABEF0DB00CD213C /* AppDelegate.swift */; };
		3AA1E73D2ABEF0DB00CD213C /* SceneDelegate.swift in Sources */ = {isa = PBXBuildFile; fileRef = 3AA1E73C2ABEF0DB00CD213C /* SceneDelegate.swift */; };
		3AA1E73F2ABEF0DB00CD213C /* ViewController.swift in Sources */ = {isa = PBXBuildFile; fileRef = 3AA1E73E2ABEF0DB00CD213C /* ViewController.swift */; };
		3AA1E7422ABEF0DB00CD213C /* Main.storyboard in Resources */ = {isa = PBXBuildFile; fileRef = 3AA1E7402ABEF0DB00CD213C /* Main.storyboard */; };
		3AA1E7452ABEF0DB00CD213C /* Lesson1_Model3_.xcdatamodeld in Sources */ = {isa = PBXBuildFile; fileRef = 3AA1E7432ABEF0DB00CD213C /* Lesson1_Model3_.xcdatamodeld */; };
		3AA1E7472ABEF0DC00CD213C /* Assets.xcassets in Resources */ = {isa = PBXBuildFile; fileRef = 3AA1E7462ABEF0DC00CD213C /* Assets.xcassets */; };
		3AA1E74A2ABEF0DC00CD213C /* LaunchScreen.storyboard in Resources */ = {isa = PBXBuildFile; fileRef = 3AA1E7482ABEF0DC00CD213C /* LaunchScreen.storyboard */; };
		3AA1E7522ABFF75600CD213C /* Extension + UIbutton.swift in Sources */ = {isa = PBXBuildFile; fileRef = 3AA1E7512ABFF75600CD213C /* Extension + UIbutton.swift */; };
		3AF67B9C2AC99F5A0001DF76 /* SpringAnimation in Frameworks */ = {isa = PBXBuildFile; productRef = 3AF67B9B2AC99F5A0001DF76 /* SpringAnimation */; };
/* End PBXBuildFile section */

/* Begin PBXFileReference section */
		3AA1E7372ABEF0DB00CD213C /* Lesson1(Model3).app */ = {isa = PBXFileReference; explicitFileType = wrapper.application; includeInIndex = 0; path = "Lesson1(Model3).app"; sourceTree = BUILT_PRODUCTS_DIR; };
		3AA1E73A2ABEF0DB00CD213C /* AppDelegate.swift */ = {isa = PBXFileReference; lastKnownFileType = sourcecode.swift; path = AppDelegate.swift; sourceTree = "<group>"; };
		3AA1E73C2ABEF0DB00CD213C /* SceneDelegate.swift */ = {isa = PBXFileReference; lastKnownFileType = sourcecode.swift; path = SceneDelegate.swift; sourceTree = "<group>"; };
		3AA1E73E2ABEF0DB00CD213C /* ViewController.swift */ = {isa = PBXFileReference; lastKnownFileType = sourcecode.swift; path = ViewController.swift; sourceTree = "<group>"; };
		3AA1E7412ABEF0DB00CD213C /* Base */ = {isa = PBXFileReference; lastKnownFileType = file.storyboard; name = Base; path = Base.lproj/Main.storyboard; sourceTree = "<group>"; };
		3AA1E7442ABEF0DB00CD213C /* Lesson1_Model3_.xcdatamodel */ = {isa = PBXFileReference; lastKnownFileType = wrapper.xcdatamodel; path = Lesson1_Model3_.xcdatamodel; sourceTree = "<group>"; };
		3AA1E7462ABEF0DC00CD213C /* Assets.xcassets */ = {isa = PBXFileReference; lastKnownFileType = folder.assetcatalog; path = Assets.xcassets; sourceTree = "<group>"; };
		3AA1E7492ABEF0DC00CD213C /* Base */ = {isa = PBXFileReference; lastKnownFileType = file.storyboard; name = Base; path = Base.lproj/LaunchScreen.storyboard; sourceTree = "<group>"; };
		3AA1E74B2ABEF0DC00CD213C /* Info.plist */ = {isa = PBXFileReference; lastKnownFileType = text.plist.xml; path = Info.plist; sourceTree = "<group>"; };
		3AA1E7512ABFF75600CD213C /* Extension + UIbutton.swift */ = {isa = PBXFileReference; lastKnownFileType = sourcecode.swift; path = "Extension + UIbutton.swift"; sourceTree = "<group>"; };
/* End PBXFileReference section */

/* Begin PBXFrameworksBuildPhase section */
		3AA1E7342ABEF0DB00CD213C /* Frameworks */ = {
			isa = PBXFrameworksBuildPhase;
			buildActionMask = 2147483647;
			files = (
				3AF67B9C2AC99F5A0001DF76 /* SpringAnimation in Frameworks */,
			);
			runOnlyForDeploymentPostprocessing = 0;
		};
/* End PBXFrameworksBuildPhase section */

/* Begin PBXGroup section */
		3AA1E72E2ABEF0DB00CD213C = {
			isa = PBXGroup;
			children = (
				3AA1E7392ABEF0DB00CD213C /* Lesson1(Model3) */,
				3AA1E7382ABEF0DB00CD213C /* Products */,
			);
			sourceTree = "<group>";
		};
		3AA1E7382ABEF0DB00CD213C /* Products */ = {
			isa = PBXGroup;
			children = (
				3AA1E7372ABEF0DB00CD213C /* Lesson1(Model3).app */,
			);
			name = Products;
			sourceTree = "<group>";
		};
		3AA1E7392ABEF0DB00CD213C /* Lesson1(Model3) */ = {
			isa = PBXGroup;
			children = (
				3AA1E73A2ABEF0DB00CD213C /* AppDelegate.swift */,
				3AA1E73C2ABEF0DB00CD213C /* SceneDelegate.swift */,
				3AA1E73E2ABEF0DB00CD213C /* ViewController.swift */,
				3AA1E7512ABFF75600CD213C /* Extension + UIbutton.swift */,
				3AA1E7402ABEF0DB00CD213C /* Main.storyboard */,
				3AA1E7462ABEF0DC00CD213C /* Assets.xcassets */,
				3AA1E7482ABEF0DC00CD213C /* LaunchScreen.storyboard */,
				3AA1E74B2ABEF0DC00CD213C /* Info.plist */,
				3AA1E7432ABEF0DB00CD213C /* Lesson1_Model3_.xcdatamodeld */,
			);
			path = "Lesson1(Model3)";
			sourceTree = "<group>";
		};
/* End PBXGroup section */

/* Begin PBXNativeTarget section */
		3AA1E7362ABEF0DB00CD213C /* Lesson1(Model3) */ = {
			isa = PBXNativeTarget;
			buildConfigurationList = 3AA1E74E2ABEF0DC00CD213C /* Build configuration list for PBXNativeTarget "Lesson1(Model3)" */;
			buildPhases = (
				3AA1E7332ABEF0DB00CD213C /* Sources */,
				3AA1E7342ABEF0DB00CD213C /* Frameworks */,
				3AA1E7352ABEF0DB00CD213C /* Resources */,
			);
			buildRules = (
			);
			dependencies = (
			);
			name = "Lesson1(Model3)";
			packageProductDependencies = (
				3AF67B9B2AC99F5A0001DF76 /* SpringAnimation */,
			);
			productName = "Lesson1(Model3)";
			productReference = 3AA1E7372ABEF0DB00CD213C /* Lesson1(Model3).app */;
			productType = "com.apple.product-type.application";
		};
/* End PBXNativeTarget section */

/* Begin PBXProject section */
		3AA1E72F2ABEF0DB00CD213C /* Project object */ = {
			isa = PBXProject;
			attributes = {
				BuildIndependentTargetsInParallel = 1;
				LastSwiftUpdateCheck = 1420;
				LastUpgradeCheck = 1420;
				TargetAttributes = {
					3AA1E7362ABEF0DB00CD213C = {
						CreatedOnToolsVersion = 14.2;
					};
				};
			};
			buildConfigurationList = 3AA1E7322ABEF0DB00CD213C /* Build configuration list for PBXProject "Lesson1(Model3)" */;
			compatibilityVersion = "Xcode 14.0";
			developmentRegion = en;
			hasScannedForEncodings = 0;
			knownRegions = (
				en,
				Base,
			);
			mainGroup = 3AA1E72E2ABEF0DB00CD213C;
			packageReferences = (
				3AF67B9A2AC99F5A0001DF76 /* XCRemoteSwiftPackageReference "SpringAnimation" */,
			);
			productRefGroup = 3AA1E7382ABEF0DB00CD213C /* Products */;
			projectDirPath = "";
			projectRoot = "";
			targets = (
				3AA1E7362ABEF0DB00CD213C /* Lesson1(Model3) */,
			);
		};
/* End PBXProject section */

/* Begin PBXResourcesBuildPhase section */
		3AA1E7352ABEF0DB00CD213C /* Resources */ = {
			isa = PBXResourcesBuildPhase;
			buildActionMask = 2147483647;
			files = (
				3AA1E74A2ABEF0DC00CD213C /* LaunchScreen.storyboard in Resources */,
				3AA1E7472ABEF0DC00CD213C /* Assets.xcassets in Resources */,
				3AA1E7422ABEF0DB00CD213C /* Main.storyboard in Resources */,
			);
			runOnlyForDeploymentPostprocessing = 0;
		};
/* End PBXResourcesBuildPhase section */

/* Begin PBXSourcesBuildPhase section */
		3AA1E7332ABEF0DB00CD213C /* Sources */ = {
			isa = PBXSourcesBuildPhase;
			buildActionMask = 2147483647;
			files = (
				3AA1E7522ABFF75600CD213C /* Extension + UIbutton.swift in Sources */,
				3AA1E73F2ABEF0DB00CD213C /* ViewController.swift in Sources */,
				3AA1E73B2ABEF0DB00CD213C /* AppDelegate.swift in Sources */,
				3AA1E73D2ABEF0DB00CD213C /* SceneDelegate.swift in Sources */,
				3AA1E7452ABEF0DB00CD213C /* Lesson1_Model3_.xcdatamodeld in Sources */,
			);
			runOnlyForDeploymentPostprocessing = 0;
		};
/* End PBXSourcesBuildPhase section */

/* Begin PBXVariantGroup section */
		3AA1E7402ABEF0DB00CD213C /* Main.storyboard */ = {
			isa = PBXVariantGroup;
			children = (
				3AA1E7412ABEF0DB00CD213C /* Base */,
			);
			name = Main.storyboard;
			sourceTree = "<group>";
		};
		3AA1E7482ABEF0DC00CD213C /* LaunchScreen.storyboard */ = {
			isa = PBXVariantGroup;
			children = (
				3AA1E7492ABEF0DC00CD213C /* Base */,
			);
			name = LaunchScreen.storyboard;
			sourceTree = "<group>";
		};
/* End PBXVariantGroup section */

/* Begin XCBuildConfiguration section */
		3AA1E74C2ABEF0DC00CD213C /* Debug */ = {
			isa = XCBuildConfiguration;
			buildSettings = {
				ALWAYS_SEARCH_USER_PATHS = NO;
				CLANG_ANALYZER_NONNULL = YES;
				CLANG_ANALYZER_NUMBER_OBJECT_CONVERSION = YES_AGGRESSIVE;
				CLANG_CXX_LANGUAGE_STANDARD = "gnu++20";
				CLANG_ENABLE_MODULES = YES;
				CLANG_ENABLE_OBJC_ARC = YES;
				CLANG_ENABLE_OBJC_WEAK = YES;
				CLANG_WARN_BLOCK_CAPTURE_AUTORELEASING = YES;
				CLANG_WARN_BOOL_CONVERSION = YES;
				CLANG_WARN_COMMA = YES;
				CLANG_WARN_CONSTANT_CONVERSION = YES;
				CLANG_WARN_DEPRECATED_OBJC_IMPLEMENTATIONS = YES;
				CLANG_WARN_DIRECT_OBJC_ISA_USAGE = YES_ERROR;
				CLANG_WARN_DOCUMENTATION_COMMENTS = YES;
				CLANG_WARN_EMPTY_BODY = YES;
				CLANG_WARN_ENUM_CONVERSION = YES;
				CLANG_WARN_INFINITE_RECURSION = YES;
				CLANG_WARN_INT_CONVERSION = YES;
				CLANG_WARN_NON_LITERAL_NULL_CONVERSION = YES;
				CLANG_WARN_OBJC_IMPLICIT_RETAIN_SELF = YES;
				CLANG_WARN_OBJC_LITERAL_CONVERSION = YES;
				CLANG_WARN_OBJC_ROOT_CLASS = YES_ERROR;
				CLANG_WARN_QUOTED_INCLUDE_IN_FRAMEWORK_HEADER = YES;
				CLANG_WARN_RANGE_LOOP_ANALYSIS = YES;
				CLANG_WARN_STRICT_PROTOTYPES = YES;
				CLANG_WARN_SUSPICIOUS_MOVE = YES;
				CLANG_WARN_UNGUARDED_AVAILABILITY = YES_AGGRESSIVE;
				CLANG_WARN_UNREACHABLE_CODE = YES;
				CLANG_WARN__DUPLICATE_METHOD_MATCH = YES;
				COPY_PHASE_STRIP = NO;
				DEBUG_INFORMATION_FORMAT = dwarf;
				ENABLE_STRICT_OBJC_MSGSEND = YES;
				ENABLE_TESTABILITY = YES;
				GCC_C_LANGUAGE_STANDARD = gnu11;
				GCC_DYNAMIC_NO_PIC = NO;
				GCC_NO_COMMON_BLOCKS = YES;
				GCC_OPTIMIZATION_LEVEL = 0;
				GCC_PREPROCESSOR_DEFINITIONS = (
					"DEBUG=1",
					"$(inherited)",
				);
				GCC_WARN_64_TO_32_BIT_CONVERSION = YES;
				GCC_WARN_ABOUT_RETURN_TYPE = YES_ERROR;
				GCC_WARN_UNDECLARED_SELECTOR = YES;
				GCC_WARN_UNINITIALIZED_AUTOS = YES_AGGRESSIVE;
				GCC_WARN_UNUSED_FUNCTION = YES;
				GCC_WARN_UNUSED_VARIABLE = YES;
				IPHONEOS_DEPLOYMENT_TARGET = 16.2;
				MTL_ENABLE_DEBUG_INFO = INCLUDE_SOURCE;
				MTL_FAST_MATH = YES;
				ONLY_ACTIVE_ARCH = YES;
				SDKROOT = iphoneos;
				SWIFT_ACTIVE_COMPILATION_CONDITIONS = DEBUG;
				SWIFT_OPTIMIZATION_LEVEL = "-Onone";
			};
			name = Debug;
		};
		3AA1E74D2ABEF0DC00CD213C /* Release */ = {
			isa = XCBuildConfiguration;
			buildSettings = {
				ALWAYS_SEARCH_USER_PATHS = NO;
				CLANG_ANALYZER_NONNULL = YES;
				CLANG_ANALYZER_NUMBER_OBJECT_CONVERSION = YES_AGGRESSIVE;
				CLANG_CXX_LANGUAGE_STANDARD = "gnu++20";
				CLANG_ENABLE_MODULES = YES;
				CLANG_ENABLE_OBJC_ARC = YES;
				CLANG_ENABLE_OBJC_WEAK = YES;
				CLANG_WARN_BLOCK_CAPTURE_AUTORELEASING = YES;
				CLANG_WARN_BOOL_CONVERSION = YES;
				CLANG_WARN_COMMA = YES;
				CLANG_WARN_CONSTANT_CONVERSION = YES;
				CLANG_WARN_DEPRECATED_OBJC_IMPLEMENTATIONS = YES;
				CLANG_WARN_DIRECT_OBJC_ISA_USAGE = YES_ERROR;
				CLANG_WARN_DOCUMENTATION_COMMENTS = YES;
				CLANG_WARN_EMPTY_BODY = YES;
				CLANG_WARN_ENUM_CONVERSION = YES;
				CLANG_WARN_INFINITE_RECURSION = YES;
				CLANG_WARN_INT_CONVERSION = YES;
				CLANG_WARN_NON_LITERAL_NULL_CONVERSION = YES;
				CLANG_WARN_OBJC_IMPLICIT_RETAIN_SELF = YES;
				CLANG_WARN_OBJC_LITERAL_CONVERSION = YES;
				CLANG_WARN_OBJC_ROOT_CLASS = YES_ERROR;
				CLANG_WARN_QUOTED_INCLUDE_IN_FRAMEWORK_HEADER = YES;
				CLANG_WARN_RANGE_LOOP_ANALYSIS = YES;
				CLANG_WARN_STRICT_PROTOTYPES = YES;
				CLANG_WARN_SUSPICIOUS_MOVE = YES;
				CLANG_WARN_UNGUARDED_AVAILABILITY = YES_AGGRESSIVE;
				CLANG_WARN_UNREACHABLE_CODE = YES;
				CLANG_WARN__DUPLICATE_METHOD_MATCH = YES;
				COPY_PHASE_STRIP = NO;
				DEBUG_INFORMATION_FORMAT = "dwarf-with-dsym";
				ENABLE_NS_ASSERTIONS = NO;
				ENABLE_STRICT_OBJC_MSGSEND = YES;
				GCC_C_LANGUAGE_STANDARD = gnu11;
				GCC_NO_COMMON_BLOCKS = YES;
				GCC_WARN_64_TO_32_BIT_CONVERSION = YES;
				GCC_WARN_ABOUT_RETURN_TYPE = YES_ERROR;
				GCC_WARN_UNDECLARED_SELECTOR = YES;
				GCC_WARN_UNINITIALIZED_AUTOS = YES_AGGRESSIVE;
				GCC_WARN_UNUSED_FUNCTION = YES;
				GCC_WARN_UNUSED_VARIABLE = YES;
				IPHONEOS_DEPLOYMENT_TARGET = 16.2;
				MTL_ENABLE_DEBUG_INFO = NO;
				MTL_FAST_MATH = YES;
				SDKROOT = iphoneos;
				SWIFT_COMPILATION_MODE = wholemodule;
				SWIFT_OPTIMIZATION_LEVEL = "-O";
				VALIDATE_PRODUCT = YES;
			};
			name = Release;
		};
		3AA1E74F2ABEF0DC00CD213C /* Debug */ = {
			isa = XCBuildConfiguration;
			buildSettings = {
				ASSETCATALOG_COMPILER_APPICON_NAME = AppIcon;
				ASSETCATALOG_COMPILER_GLOBAL_ACCENT_COLOR_NAME = AccentColor;
				CODE_SIGN_STYLE = Automatic;
				CURRENT_PROJECT_VERSION = 1;
				DEVELOPMENT_TEAM = D58R775U6Q;
				GENERATE_INFOPLIST_FILE = YES;
				INFOPLIST_FILE = "Lesson1(Model3)/Info.plist";
				INFOPLIST_KEY_UIApplicationSupportsIndirectInputEvents = YES;
				INFOPLIST_KEY_UILaunchStoryboardName = LaunchScreen;
				INFOPLIST_KEY_UIMainStoryboardFile = Main;
				INFOPLIST_KEY_UISupportedInterfaceOrientations_iPad = "UIInterfaceOrientationPortrait UIInterfaceOrientationPortraitUpsideDown UIInterfaceOrientationLandscapeLeft UIInterfaceOrientationLandscapeRight";
				INFOPLIST_KEY_UISupportedInterfaceOrientations_iPhone = "UIInterfaceOrientationPortrait UIInterfaceOrientationLandscapeLeft UIInterfaceOrientationLandscapeRight";
				LD_RUNPATH_SEARCH_PATHS = (
					"$(inherited)",
					"@executable_path/Frameworks",
				);
				MARKETING_VERSION = 1.0;
				PRODUCT_BUNDLE_IDENTIFIER = "AntonAkhmedzyanov.Lesson1-Model3-";
				PRODUCT_NAME = "$(TARGET_NAME)";
				SUPPORTED_PLATFORMS = "iphoneos iphonesimulator";
				SUPPORTS_MACCATALYST = NO;
				SUPPORTS_MAC_DESIGNED_FOR_IPHONE_IPAD = NO;
				SWIFT_EMIT_LOC_STRINGS = YES;
				SWIFT_VERSION = 5.0;
				TARGETED_DEVICE_FAMILY = "1,2";
			};
			name = Debug;
		};
		3AA1E7502ABEF0DC00CD213C /* Release */ = {
			isa = XCBuildConfiguration;
			buildSettings = {
				ASSETCATALOG_COMPILER_APPICON_NAME = AppIcon;
				ASSETCATALOG_COMPILER_GLOBAL_ACCENT_COLOR_NAME = AccentColor;
				CODE_SIGN_STYLE = Automatic;
				CURRENT_PROJECT_VERSION = 1;
				DEVELOPMENT_TEAM = D58R775U6Q;
				GENERATE_INFOPLIST_FILE = YES;
				INFOPLIST_FILE = "Lesson1(Model3)/Info.plist";
				INFOPLIST_KEY_UIApplicationSupportsIndirectInputEvents = YES;
				INFOPLIST_KEY_UILaunchStoryboardName = LaunchScreen;
				INFOPLIST_KEY_UIMainStoryboardFile = Main;
				INFOPLIST_KEY_UISupportedInterfaceOrientations_iPad = "UIInterfaceOrientationPortrait UIInterfaceOrientationPortraitUpsideDown UIInterfaceOrientationLandscapeLeft UIInterfaceOrientationLandscapeRight";
				INFOPLIST_KEY_UISupportedInterfaceOrientations_iPhone = "UIInterfaceOrientationPortrait UIInterfaceOrientationLandscapeLeft UIInterfaceOrientationLandscapeRight";
				LD_RUNPATH_SEARCH_PATHS = (
					"$(inherited)",
					"@executable_path/Frameworks",
				);
				MARKETING_VERSION = 1.0;
				PRODUCT_BUNDLE_IDENTIFIER = "AntonAkhmedzyanov.Lesson1-Model3-";
				PRODUCT_NAME = "$(TARGET_NAME)";
				SUPPORTED_PLATFORMS = "iphoneos iphonesimulator";
				SUPPORTS_MACCATALYST = NO;
				SUPPORTS_MAC_DESIGNED_FOR_IPHONE_IPAD = NO;
				SWIFT_EMIT_LOC_STRINGS = YES;
				SWIFT_VERSION = 5.0;
				TARGETED_DEVICE_FAMILY = "1,2";
			};
			name = Release;
		};
/* End XCBuildConfiguration section */

/* Begin XCConfigurationList section */
		3AA1E7322ABEF0DB00CD213C /* Build configuration list for PBXProject "Lesson1(Model3)" */ = {
			isa = XCConfigurationList;
			buildConfigurations = (
				3AA1E74C2ABEF0DC00CD213C /* Debug */,
				3AA1E74D2ABEF0DC00CD213C /* Release */,
			);
			defaultConfigurationIsVisible = 0;
			defaultConfigurationName = Release;
		};
		3AA1E74E2ABEF0DC00CD213C /* Build configuration list for PBXNativeTarget "Lesson1(Model3)" */ = {
			isa = XCConfigurationList;
			buildConfigurations = (
				3AA1E74F2ABEF0DC00CD213C /* Debug */,
				3AA1E7502ABEF0DC00CD213C /* Release */,
			);
			defaultConfigurationIsVisible = 0;
			defaultConfigurationName = Release;
		};
/* End XCConfigurationList section */

/* Begin XCRemoteSwiftPackageReference section */
		3AF67B9A2AC99F5A0001DF76 /* XCRemoteSwiftPackageReference "SpringAnimation" */ = {
			isa = XCRemoteSwiftPackageReference;
			repositoryURL = "https://github.com/LexDeBash/SpringAnimation.git";
			requirement = {
				kind = upToNextMinorVersion;
				minimumVersion = 0.3.0;
			};
		};
/* End XCRemoteSwiftPackageReference section */

/* Begin XCSwiftPackageProductDependency section */
		3AF67B9B2AC99F5A0001DF76 /* SpringAnimation */ = {
			isa = XCSwiftPackageProductDependency;
			package = 3AF67B9A2AC99F5A0001DF76 /* XCRemoteSwiftPackageReference "SpringAnimation" */;
			productName = SpringAnimation;
		};
/* End XCSwiftPackageProductDependency section */

/* Begin XCVersionGroup section */
		3AA1E7432ABEF0DB00CD213C /* Lesson1_Model3_.xcdatamodeld */ = {
			isa = XCVersionGroup;
			children = (
				3AA1E7442ABEF0DB00CD213C /* Lesson1_Model3_.xcdatamodel */,
			);
			currentVersion = 3AA1E7442ABEF0DB00CD213C /* Lesson1_Model3_.xcdatamodel */;
			path = Lesson1_Model3_.xcdatamodeld;
			sourceTree = "<group>";
			versionGroupType = wrapper.xcdatamodel;
		};
/* End XCVersionGroup section */
	};
	rootObject = 3AA1E72F2ABEF0DB00CD213C /* Project object */;
}
